<?xml version="1.0" encoding="UTF-8" standalone="yes" ?>
<CodeBlocks_project_file>
	<FileVersion major="1" minor="6" />
	<Project>
		<Option title="Vikuverkefni 2" />
		<Option pch_mode="2" />
		<Option compiler="gcc" />
		<Build>
			<Target title="Debug">
				<Option output="bin/Debug/Vikuverkefni 2" prefix_auto="1" extension_auto="1" />
				<Option object_output="obj/Debug/" />
				<Option type="1" />
				<Option compiler="gcc" />
				<Compiler>
					<Add option="-g" />
					<Add directory="include/models" />
					<Add directory="include/UI" />
					<Add directory="include/services" />
					<Add directory="include/repositories" />
					<Add directory="include/exceptions" />
					<Add directory="include/repository" />
					<Add directory="include/exceptions/InvalidSalaryException" />
					<Add directory="include/exceptions/InvalidMonthException" />
				</Compiler>
			</Target>
			<Target title="Release">
				<Option output="bin/Release/Vikuverkefni 2" prefix_auto="1" extension_auto="1" />
				<Option object_output="obj/Release/" />
				<Option type="1" />
				<Option compiler="gcc" />
				<Compiler>
					<Add option="-O2" />
					<Add directory="include/models" />
					<Add directory="include/UI" />
					<Add directory="include/services" />
					<Add directory="include/repositories" />
					<Add directory="include/exceptions" />
					<Add directory="include/repository" />
					<Add directory="include/exceptions/InvalidSalaryException" />
					<Add directory="include/exceptions/InvalidMonthException" />
				</Compiler>
				<Linker>
					<Add option="-s" />
				</Linker>
			</Target>
		</Build>
		<Compiler>
			<Add option="-Wall" />
			<Add option="-fexceptions" />
		</Compiler>
		<Unit filename="include/UI/UI.h" />
		<Unit filename="include/exceptions/InvalidKennitalaException.h" />
		<Unit filename="include/exceptions/InvalidMonthException/InvalidMonthException.h" />
		<Unit filename="include/exceptions/InvalidNameException.h" />
		<Unit filename="include/exceptions/InvalidSalaryException/InvalidSalaryException.h" />
		<Unit filename="include/exceptions/InvalidYearException.h" />
		<Unit filename="include/models/Employee.h" />
		<Unit filename="include/repository/EmployeeRepository.h" />
		<Unit filename="include/services/EmployeeServices.h" />
		<Unit filename="include/services/Services.h" />
		<Unit filename="main.cpp" />
		<Unit filename="src/UI/UI.cpp" />
		<Unit filename="src/exceptionsInvalidSalaryException/InvalidSalaryException.cpp" />
		<Unit filename="src/exceptions/InvalidKennitalaException.cpp" />
		<Unit filename="src/exceptions/InvalidMonthException/InvalidMonthException.cpp" />
		<Unit filename="src/exceptions/InvalidNameException.cpp" />
		<Unit filename="src/exceptions/InvalidYearException.cpp" />
		<Unit filename="src/models/Employee.cpp" />
		<Unit filename="src/repository/EmployeeRepository.cpp" />
		<Unit filename="src/services/EmployeeServices.cpp" />
		<Unit filename="src/services/Services.cpp" />
		<Extensions>
			<code_completion />
			<envvars />
			<debugger />
			<lib_finder disable_auto="1" />
		</Extensions>
	</Project>
</CodeBlocks_project_file>
