<?xml version="1.0" encoding="UTF-8" standalone="yes" ?>
<CodeBlocks_project_file>
	<FileVersion major="1" minor="6" />
	<Project>
		<Option title="PallaPizza" />
		<Option pch_mode="2" />
		<Option compiler="gcc" />
		<Build>
			<Target title="Debug">
				<Option output="bin/Debug/PallaPizza" prefix_auto="1" extension_auto="1" />
				<Option object_output="obj/Debug/" />
				<Option type="1" />
				<Option compiler="gcc" />
				<Compiler>
					<Add option="-g" />
					<Add directory="UI" />
					<Add directory="BASE" />
					<Add directory="MAKE" />
					<Add directory="REPO" />
					<Add directory="EXCEPT" />
					<Add directory="READ" />
					<Add directory="VIEW" />
				</Compiler>
			</Target>
			<Target title="Release">
				<Option output="bin/Release/PallaPizza" prefix_auto="1" extension_auto="1" />
				<Option object_output="obj/Release/" />
				<Option type="1" />
				<Option compiler="gcc" />
				<Compiler>
					<Add option="-O2" />
					<Add directory="UI" />
					<Add directory="BASE" />
					<Add directory="MAKE" />
					<Add directory="REPO" />
					<Add directory="EXCEPT" />
					<Add directory="READ" />
					<Add directory="VIEW" />
				</Compiler>
				<Linker>
					<Add option="-s" />
				</Linker>
			</Target>
		</Build>
		<Compiler>
			<Add option="-Wall" />
			<Add option="-fexceptions" />
		</Compiler>
		<Unit filename="BASE/Basic.cpp" />
		<Unit filename="BASE/Basic.h" />
		<Unit filename="BASE/Topping.h" />
		<Unit filename="BASE/Type.cpp" />
		<Unit filename="BASE/Type.h" />
		<Unit filename="EXCEPT/InvalidBasicPriceException.cpp" />
		<Unit filename="EXCEPT/InvalidBasicPriceException.h" />
		<Unit filename="EXCEPT/InvalidToppingNameException.h" />
		<Unit filename="EXCEPT/InvalidToppingPriceException.h" />
		<Unit filename="EXCEPT/InvalidTypeNameAlreadyTakenException.cpp" />
		<Unit filename="EXCEPT/InvalidTypeNameAlreadyTakenException.h" />
		<Unit filename="EXCEPT/InvalidTypeNameException.h" />
		<Unit filename="EXCEPT/InvalidTypeNameNoAlphaException.cpp" />
		<Unit filename="EXCEPT/InvalidTypeNameNoAlphaException.h" />
		<Unit filename="EXCEPT/InvalidTypePriceException.cpp" />
		<Unit filename="EXCEPT/InvalidTypePriceException.h" />
		<Unit filename="MAKE/BasicMake.cpp" />
		<Unit filename="MAKE/BasicMake.h" />
		<Unit filename="MAKE/TypeMake.cpp" />
		<Unit filename="MAKE/TypeMake.h" />
		<Unit filename="READ/TypeRead.cpp" />
		<Unit filename="READ/TypeRead.h" />
		<Unit filename="REPO/BasicRepository.cpp" />
		<Unit filename="REPO/BasicRepository.h" />
		<Unit filename="REPO/TypeRepository.cpp" />
		<Unit filename="REPO/TypeRepository.h" />
		<Unit filename="UI/MainUI.cpp" />
		<Unit filename="UI/MainUI.h" />
		<Unit filename="UI/PizzaUI.cpp" />
		<Unit filename="UI/PizzaUI.h" />
		<Unit filename="UI/TypeUI.cpp" />
		<Unit filename="UI/TypeUI.h" />
		<Unit filename="UI/UserInputUI.cpp" />
		<Unit filename="UI/UserInputUI.h" />
		<Unit filename="VIEW/TypeView.cpp" />
		<Unit filename="VIEW/TypeView.h" />
		<Unit filename="main.cpp" />
		<Extensions>
			<code_completion />
			<envvars />
			<debugger />
		</Extensions>
	</Project>
</CodeBlocks_project_file>
